// !$*UTF8*$!
{
	archiveVersion = 1;
	classes = {
	};
	objectVersion = 77;
	objects = {

/* Begin PBXBuildFile section */
		B1722266AF2A67AF6AF3D7DA /* Pods_Tracker.framework in Frameworks */ = {isa = PBXBuildFile; fileRef = 1190DC41CB00E0F9DAF4C7E9 /* Pods_Tracker.framework */; };
		B501CC5D2CE55A3F00D41692 /* OnboardingPageVC.swift in Sources */ = {isa = PBXBuildFile; fileRef = B501CC5C2CE55A3600D41692 /* OnboardingPageVC.swift */; };
		B501CC5F2CE55B0300D41692 /* OnboardingVC.swift in Sources */ = {isa = PBXBuildFile; fileRef = B501CC5E2CE55AF800D41692 /* OnboardingVC.swift */; };
		B50A74DE2CCFD6FD001A23F3 /* Model.xcdatamodeld in Sources */ = {isa = PBXBuildFile; fileRef = B50A74DC2CCFD6FD001A23F3 /* Model.xcdatamodeld */; };
		B50ABA3B2CAD487000C251F0 /* Assets.xcassets in Resources */ = {isa = PBXBuildFile; fileRef = B50ABA322CAD487000C251F0 /* Assets.xcassets */; };
		B50ABA3D2CAD487000C251F0 /* LaunchScreen.storyboard in Resources */ = {isa = PBXBuildFile; fileRef = B50ABA352CAD487000C251F0 /* LaunchScreen.storyboard */; };
		B50ABA3F2CAD487000C251F0 /* AppDelegate.swift in Sources */ = {isa = PBXBuildFile; fileRef = B50ABA312CAD487000C251F0 /* AppDelegate.swift */; };
		B50ABA402CAD487000C251F0 /* SceneDelegate.swift in Sources */ = {isa = PBXBuildFile; fileRef = B50ABA382CAD487000C251F0 /* SceneDelegate.swift */; };
		B50ABA442CAD63B800C251F0 /* TabBarController.swift in Sources */ = {isa = PBXBuildFile; fileRef = B50ABA432CAD63B000C251F0 /* TabBarController.swift */; };
		B50ABA482CAD645300C251F0 /* TrackersViewController.swift in Sources */ = {isa = PBXBuildFile; fileRef = B50ABA472CAD644A00C251F0 /* TrackersViewController.swift */; };
		B50ABA4A2CAD647700C251F0 /* StatisticsViewController.swift in Sources */ = {isa = PBXBuildFile; fileRef = B50ABA492CAD646B00C251F0 /* StatisticsViewController.swift */; };
		B514AE3A2CB419C100490BEA /* Tracker.swift in Sources */ = {isa = PBXBuildFile; fileRef = B514AE392CB419BA00490BEA /* Tracker.swift */; };
		B514AE3C2CB41A9700490BEA /* TrackerCategory.swift in Sources */ = {isa = PBXBuildFile; fileRef = B514AE3B2CB41A8F00490BEA /* TrackerCategory.swift */; };
		B514AE3E2CB41AC000490BEA /* TrackerRecord.swift in Sources */ = {isa = PBXBuildFile; fileRef = B514AE3D2CB41ABA00490BEA /* TrackerRecord.swift */; };
		B514AE402CB5608700490BEA /* TrackerCollectionViewCell.swift in Sources */ = {isa = PBXBuildFile; fileRef = B514AE3F2CB5607B00490BEA /* TrackerCollectionViewCell.swift */; };
		B514AE422CB566CF00490BEA /* UIView+Extensions.swift in Sources */ = {isa = PBXBuildFile; fileRef = B514AE412CB566C600490BEA /* UIView+Extensions.swift */; };
		B52ADB1C2CED375200C6AC77 /* Localizable.strings in Resources */ = {isa = PBXBuildFile; fileRef = B52ADB1A2CED375200C6AC77 /* Localizable.strings */; };
		B52ADB202CED379500C6AC77 /* Localizable.stringsdict in Resources */ = {isa = PBXBuildFile; fileRef = B52ADB1E2CED379500C6AC77 /* Localizable.stringsdict */; };
		B53F2CF82CC483E60039F466 /* Calendar+Extensions.swift in Sources */ = {isa = PBXBuildFile; fileRef = B53F2CF72CC483DD0039F466 /* Calendar+Extensions.swift */; };
		B5642A9B2CB6C67800B1942B /* NewHabitOrEventViewController.swift in Sources */ = {isa = PBXBuildFile; fileRef = B5642A9A2CB6C66800B1942B /* NewHabitOrEventViewController.swift */; };
		B5642A9F2CB6EACF00B1942B /* UITextField+Extensions.swift in Sources */ = {isa = PBXBuildFile; fileRef = B5642A9E2CB6EAC200B1942B /* UITextField+Extensions.swift */; };
		B56E653B2CE67C6800406DBE /* CategoryViewModel.swift in Sources */ = {isa = PBXBuildFile; fileRef = B56E653A2CE67C6300406DBE /* CategoryViewModel.swift */; };
		B56E653F2CE682B100406DBE /* AlertPresenter.swift in Sources */ = {isa = PBXBuildFile; fileRef = B56E653E2CE682AE00406DBE /* AlertPresenter.swift */; };
		B56E65412CE6834D00406DBE /* AlertModel.swift in Sources */ = {isa = PBXBuildFile; fileRef = B56E65402CE6834700406DBE /* AlertModel.swift */; };
		B58517CD2CF290D200C29AD6 /* testViewController.1.png in Resources */ = {isa = PBXBuildFile; fileRef = B58517C82CF290D200C29AD6 /* testViewController.1.png */; };
		B58517CE2CF290D200C29AD6 /* TrackerTests.swift in Sources */ = {isa = PBXBuildFile; fileRef = B58517CB2CF290D200C29AD6 /* TrackerTests.swift */; };
		B58517D02CF2921600C29AD6 /* AnalyticsService.swift in Sources */ = {isa = PBXBuildFile; fileRef = B58517CF2CF2920F00C29AD6 /* AnalyticsService.swift */; };
		B58517D22CF3AA6700C29AD6 /* Flags.swift in Sources */ = {isa = PBXBuildFile; fileRef = B58517D12CF3AA6400C29AD6 /* Flags.swift */; };
		B587A06E2CB0160A00DD98FD /* DateFormatter+Extensions.swift in Sources */ = {isa = PBXBuildFile; fileRef = B587A06D2CB015FB00DD98FD /* DateFormatter+Extensions.swift */; };
		B597F44B2CF26CDB00BF4D97 /* InlineSnapshotTesting in Frameworks */ = {isa = PBXBuildFile; productRef = B597F44A2CF26CDB00BF4D97 /* InlineSnapshotTesting */; };
		B597F44D2CF26CDB00BF4D97 /* SnapshotTesting in Frameworks */ = {isa = PBXBuildFile; productRef = B597F44C2CF26CDB00BF4D97 /* SnapshotTesting */; };
		B5A635462CC7A45E00BC64D9 /* ColorOrEmojiHeader.swift in Sources */ = {isa = PBXBuildFile; fileRef = B5A635452CC7A45A00BC64D9 /* ColorOrEmojiHeader.swift */; };
		B5A635482CC7A49800BC64D9 /* ColorCollectionViewCell.swift in Sources */ = {isa = PBXBuildFile; fileRef = B5A635472CC7A48D00BC64D9 /* ColorCollectionViewCell.swift */; };
		B5A6354A2CC7A4A600BC64D9 /* EmojiCollectionViewCell.swift in Sources */ = {isa = PBXBuildFile; fileRef = B5A635492CC7A4A000BC64D9 /* EmojiCollectionViewCell.swift */; };
		B5A9ECC12CB667B3002AE00D /* TrackerCreationViewController.swift in Sources */ = {isa = PBXBuildFile; fileRef = B5A9ECC02CB667AA002AE00D /* TrackerCreationViewController.swift */; };
		B5AE80BD2CBB166D00C19A5C /* TrackerCollectionViewHeader.swift in Sources */ = {isa = PBXBuildFile; fileRef = B5AE80BC2CBB165F00C19A5C /* TrackerCollectionViewHeader.swift */; };
		B5AF9F1F2CBD581100A263D8 /* CategoryViewController.swift in Sources */ = {isa = PBXBuildFile; fileRef = B5AF9F1E2CBD580000A263D8 /* CategoryViewController.swift */; };
		B5AF9F212CBD587400A263D8 /* Placeholder.swift in Sources */ = {isa = PBXBuildFile; fileRef = B5AF9F202CBD586800A263D8 /* Placeholder.swift */; };
		B5AF9F232CBD5A6500A263D8 /* TimeTableViewController.swift in Sources */ = {isa = PBXBuildFile; fileRef = B5AF9F222CBD5A5500A263D8 /* TimeTableViewController.swift */; };
		B5AF9F262CBDC13500A263D8 /* TimeTableCell.swift in Sources */ = {isa = PBXBuildFile; fileRef = B5AF9F252CBDC12F00A263D8 /* TimeTableCell.swift */; };
		B5AF9F282CBDC45D00A263D8 /* Weekday.swift in Sources */ = {isa = PBXBuildFile; fileRef = B5AF9F272CBDC45600A263D8 /* Weekday.swift */; };
		B5C7C8F12CEE5F950023D51D /* InfoPlist.strings in Resources */ = {isa = PBXBuildFile; fileRef = B5C7C8EF2CEE5F950023D51D /* InfoPlist.strings */; };
		B5D111B32CD80F9E00AEF71C /* DataProvider.swift in Sources */ = {isa = PBXBuildFile; fileRef = B5D111B22CD80F9600AEF71C /* DataProvider.swift */; };
		B5D111B82CD81DDB00AEF71C /* UIColorMarshalling.swift in Sources */ = {isa = PBXBuildFile; fileRef = B5D111B72CD81DD300AEF71C /* UIColorMarshalling.swift */; };
		B5D111BB2CD81E7D00AEF71C /* DaysValueTransformer.swift in Sources */ = {isa = PBXBuildFile; fileRef = B5D111BA2CD81E6E00AEF71C /* DaysValueTransformer.swift */; };
		B5D111BD2CD81EFD00AEF71C /* TrackerStore.swift in Sources */ = {isa = PBXBuildFile; fileRef = B5D111BC2CD81EF500AEF71C /* TrackerStore.swift */; };
		B5D111BF2CD81F0900AEF71C /* TrackerCategoryStore.swift in Sources */ = {isa = PBXBuildFile; fileRef = B5D111BE2CD81F0200AEF71C /* TrackerCategoryStore.swift */; };
		B5D111C12CD81F1300AEF71C /* TrackerRecordStore.swift in Sources */ = {isa = PBXBuildFile; fileRef = B5D111C02CD81F0E00AEF71C /* TrackerRecordStore.swift */; };
		F3B2FEFFCCE8E620554AA377 /* Pods_TrackerTests.framework in Frameworks */ = {isa = PBXBuildFile; fileRef = BDB0227D04454619212065D1 /* Pods_TrackerTests.framework */; };
/* End PBXBuildFile section */

/* Begin PBXContainerItemProxy section */
		B597F4442CF26C8C00BF4D97 /* PBXContainerItemProxy */ = {
			isa = PBXContainerItemProxy;
			containerPortal = B50ABA112CAD486800C251F0 /* Project object */;
			proxyType = 1;
			remoteGlobalIDString = B50ABA182CAD486800C251F0;
			remoteInfo = Tracker;
		};
/* End PBXContainerItemProxy section */

/* Begin PBXFileReference section */
		1190DC41CB00E0F9DAF4C7E9 /* Pods_Tracker.framework */ = {isa = PBXFileReference; explicitFileType = wrapper.framework; includeInIndex = 0; path = Pods_Tracker.framework; sourceTree = BUILT_PRODUCTS_DIR; };
		4DEA1E0494FCB7847CD55EC8 /* Pods-Tracker.debug.xcconfig */ = {isa = PBXFileReference; includeInIndex = 1; lastKnownFileType = text.xcconfig; name = "Pods-Tracker.debug.xcconfig"; path = "Target Support Files/Pods-Tracker/Pods-Tracker.debug.xcconfig"; sourceTree = "<group>"; };
		70AF61DB5B8952713759CF57 /* Pods-Tracker.release.xcconfig */ = {isa = PBXFileReference; includeInIndex = 1; lastKnownFileType = text.xcconfig; name = "Pods-Tracker.release.xcconfig"; path = "Target Support Files/Pods-Tracker/Pods-Tracker.release.xcconfig"; sourceTree = "<group>"; };
		7BEE150A590DBD5EA97B5C93 /* Pods-TrackerTests.release.xcconfig */ = {isa = PBXFileReference; includeInIndex = 1; lastKnownFileType = text.xcconfig; name = "Pods-TrackerTests.release.xcconfig"; path = "Target Support Files/Pods-TrackerTests/Pods-TrackerTests.release.xcconfig"; sourceTree = "<group>"; };
		A234B40CA86EA04252E04577 /* Pods-TrackerTests.debug.xcconfig */ = {isa = PBXFileReference; includeInIndex = 1; lastKnownFileType = text.xcconfig; name = "Pods-TrackerTests.debug.xcconfig"; path = "Target Support Files/Pods-TrackerTests/Pods-TrackerTests.debug.xcconfig"; sourceTree = "<group>"; };
		B501CC5C2CE55A3600D41692 /* OnboardingPageVC.swift */ = {isa = PBXFileReference; lastKnownFileType = sourcecode.swift; path = OnboardingPageVC.swift; sourceTree = "<group>"; };
		B501CC5E2CE55AF800D41692 /* OnboardingVC.swift */ = {isa = PBXFileReference; lastKnownFileType = sourcecode.swift; path = OnboardingVC.swift; sourceTree = "<group>"; };
		B50A74DD2CCFD6FD001A23F3 /* Model.xcdatamodel */ = {isa = PBXFileReference; lastKnownFileType = wrapper.xcdatamodel; path = Model.xcdatamodel; sourceTree = "<group>"; };
		B50ABA192CAD486800C251F0 /* Tracker.app */ = {isa = PBXFileReference; explicitFileType = wrapper.application; includeInIndex = 0; path = Tracker.app; sourceTree = BUILT_PRODUCTS_DIR; };
		B50ABA312CAD487000C251F0 /* AppDelegate.swift */ = {isa = PBXFileReference; lastKnownFileType = sourcecode.swift; path = AppDelegate.swift; sourceTree = "<group>"; };
		B50ABA322CAD487000C251F0 /* Assets.xcassets */ = {isa = PBXFileReference; lastKnownFileType = folder.assetcatalog; path = Assets.xcassets; sourceTree = "<group>"; };
		B50ABA332CAD487000C251F0 /* Info.plist */ = {isa = PBXFileReference; lastKnownFileType = text.plist.xml; path = Info.plist; sourceTree = "<group>"; };
		B50ABA342CAD487000C251F0 /* Base */ = {isa = PBXFileReference; lastKnownFileType = file.storyboard; name = Base; path = Base.lproj/LaunchScreen.storyboard; sourceTree = "<group>"; };
		B50ABA382CAD487000C251F0 /* SceneDelegate.swift */ = {isa = PBXFileReference; lastKnownFileType = sourcecode.swift; path = SceneDelegate.swift; sourceTree = "<group>"; };
		B50ABA432CAD63B000C251F0 /* TabBarController.swift */ = {isa = PBXFileReference; lastKnownFileType = sourcecode.swift; path = TabBarController.swift; sourceTree = "<group>"; };
		B50ABA472CAD644A00C251F0 /* TrackersViewController.swift */ = {isa = PBXFileReference; lastKnownFileType = sourcecode.swift; path = TrackersViewController.swift; sourceTree = "<group>"; };
		B50ABA492CAD646B00C251F0 /* StatisticsViewController.swift */ = {isa = PBXFileReference; lastKnownFileType = sourcecode.swift; path = StatisticsViewController.swift; sourceTree = "<group>"; };
		B514AE392CB419BA00490BEA /* Tracker.swift */ = {isa = PBXFileReference; lastKnownFileType = sourcecode.swift; path = Tracker.swift; sourceTree = "<group>"; };
		B514AE3B2CB41A8F00490BEA /* TrackerCategory.swift */ = {isa = PBXFileReference; lastKnownFileType = sourcecode.swift; path = TrackerCategory.swift; sourceTree = "<group>"; };
		B514AE3D2CB41ABA00490BEA /* TrackerRecord.swift */ = {isa = PBXFileReference; lastKnownFileType = sourcecode.swift; path = TrackerRecord.swift; sourceTree = "<group>"; };
		B514AE3F2CB5607B00490BEA /* TrackerCollectionViewCell.swift */ = {isa = PBXFileReference; lastKnownFileType = sourcecode.swift; path = TrackerCollectionViewCell.swift; sourceTree = "<group>"; };
		B514AE412CB566C600490BEA /* UIView+Extensions.swift */ = {isa = PBXFileReference; lastKnownFileType = sourcecode.swift; path = "UIView+Extensions.swift"; sourceTree = "<group>"; };
		B52ADB1B2CED375200C6AC77 /* en */ = {isa = PBXFileReference; lastKnownFileType = text.plist.strings; name = en; path = en.lproj/Localizable.strings; sourceTree = "<group>"; };
		B52ADB1D2CED375E00C6AC77 /* ru */ = {isa = PBXFileReference; lastKnownFileType = text.plist.strings; name = ru; path = ru.lproj/Localizable.strings; sourceTree = "<group>"; };
		B52ADB1F2CED379500C6AC77 /* en */ = {isa = PBXFileReference; lastKnownFileType = text.plist.stringsdict; name = en; path = en.lproj/Localizable.stringsdict; sourceTree = "<group>"; };
		B52ADB212CED37A600C6AC77 /* ru */ = {isa = PBXFileReference; lastKnownFileType = text.plist.stringsdict; name = ru; path = ru.lproj/Localizable.stringsdict; sourceTree = "<group>"; };
		B53F2CF72CC483DD0039F466 /* Calendar+Extensions.swift */ = {isa = PBXFileReference; lastKnownFileType = sourcecode.swift; path = "Calendar+Extensions.swift"; sourceTree = "<group>"; };
		B5642A9A2CB6C66800B1942B /* NewHabitOrEventViewController.swift */ = {isa = PBXFileReference; lastKnownFileType = sourcecode.swift; path = NewHabitOrEventViewController.swift; sourceTree = "<group>"; };
		B5642A9E2CB6EAC200B1942B /* UITextField+Extensions.swift */ = {isa = PBXFileReference; lastKnownFileType = sourcecode.swift; path = "UITextField+Extensions.swift"; sourceTree = "<group>"; };
		B56E653A2CE67C6300406DBE /* CategoryViewModel.swift */ = {isa = PBXFileReference; lastKnownFileType = sourcecode.swift; path = CategoryViewModel.swift; sourceTree = "<group>"; };
		B56E653E2CE682AE00406DBE /* AlertPresenter.swift */ = {isa = PBXFileReference; lastKnownFileType = sourcecode.swift; path = AlertPresenter.swift; sourceTree = "<group>"; };
		B56E65402CE6834700406DBE /* AlertModel.swift */ = {isa = PBXFileReference; lastKnownFileType = sourcecode.swift; path = AlertModel.swift; sourceTree = "<group>"; };
		B58517C82CF290D200C29AD6 /* testViewController.1.png */ = {isa = PBXFileReference; lastKnownFileType = image.png; path = testViewController.1.png; sourceTree = "<group>"; };
		B58517CB2CF290D200C29AD6 /* TrackerTests.swift */ = {isa = PBXFileReference; lastKnownFileType = sourcecode.swift; path = TrackerTests.swift; sourceTree = "<group>"; };
		B58517CF2CF2920F00C29AD6 /* AnalyticsService.swift */ = {isa = PBXFileReference; lastKnownFileType = sourcecode.swift; path = AnalyticsService.swift; sourceTree = "<group>"; };
		B58517D12CF3AA6400C29AD6 /* Flags.swift */ = {isa = PBXFileReference; lastKnownFileType = sourcecode.swift; path = Flags.swift; sourceTree = "<group>"; };
		B587A06D2CB015FB00DD98FD /* DateFormatter+Extensions.swift */ = {isa = PBXFileReference; lastKnownFileType = sourcecode.swift; path = "DateFormatter+Extensions.swift"; sourceTree = "<group>"; };
		B597F4402CF26C8C00BF4D97 /* TrackerTests.xctest */ = {isa = PBXFileReference; explicitFileType = wrapper.cfbundle; includeInIndex = 0; path = TrackerTests.xctest; sourceTree = BUILT_PRODUCTS_DIR; };
		B5A635452CC7A45A00BC64D9 /* ColorOrEmojiHeader.swift */ = {isa = PBXFileReference; lastKnownFileType = sourcecode.swift; path = ColorOrEmojiHeader.swift; sourceTree = "<group>"; };
		B5A635472CC7A48D00BC64D9 /* ColorCollectionViewCell.swift */ = {isa = PBXFileReference; lastKnownFileType = sourcecode.swift; path = ColorCollectionViewCell.swift; sourceTree = "<group>"; };
		B5A635492CC7A4A000BC64D9 /* EmojiCollectionViewCell.swift */ = {isa = PBXFileReference; lastKnownFileType = sourcecode.swift; path = EmojiCollectionViewCell.swift; sourceTree = "<group>"; };
		B5A9ECC02CB667AA002AE00D /* TrackerCreationViewController.swift */ = {isa = PBXFileReference; lastKnownFileType = sourcecode.swift; path = TrackerCreationViewController.swift; sourceTree = "<group>"; };
		B5AE80BC2CBB165F00C19A5C /* TrackerCollectionViewHeader.swift */ = {isa = PBXFileReference; lastKnownFileType = sourcecode.swift; path = TrackerCollectionViewHeader.swift; sourceTree = "<group>"; };
		B5AF9F1E2CBD580000A263D8 /* CategoryViewController.swift */ = {isa = PBXFileReference; lastKnownFileType = sourcecode.swift; path = CategoryViewController.swift; sourceTree = "<group>"; };
		B5AF9F202CBD586800A263D8 /* Placeholder.swift */ = {isa = PBXFileReference; lastKnownFileType = sourcecode.swift; path = Placeholder.swift; sourceTree = "<group>"; };
		B5AF9F222CBD5A5500A263D8 /* TimeTableViewController.swift */ = {isa = PBXFileReference; lastKnownFileType = sourcecode.swift; path = TimeTableViewController.swift; sourceTree = "<group>"; };
		B5AF9F252CBDC12F00A263D8 /* TimeTableCell.swift */ = {isa = PBXFileReference; lastKnownFileType = sourcecode.swift; path = TimeTableCell.swift; sourceTree = "<group>"; };
		B5AF9F272CBDC45600A263D8 /* Weekday.swift */ = {isa = PBXFileReference; lastKnownFileType = sourcecode.swift; path = Weekday.swift; sourceTree = "<group>"; };
		B5C7C8F02CEE5F950023D51D /* en */ = {isa = PBXFileReference; lastKnownFileType = text.plist.strings; name = en; path = en.lproj/InfoPlist.strings; sourceTree = "<group>"; };
		B5C7C8F22CEE5FB00023D51D /* ru */ = {isa = PBXFileReference; lastKnownFileType = text.plist.strings; name = ru; path = ru.lproj/InfoPlist.strings; sourceTree = "<group>"; };
		B5D111B22CD80F9600AEF71C /* DataProvider.swift */ = {isa = PBXFileReference; lastKnownFileType = sourcecode.swift; path = DataProvider.swift; sourceTree = "<group>"; };
		B5D111B72CD81DD300AEF71C /* UIColorMarshalling.swift */ = {isa = PBXFileReference; lastKnownFileType = sourcecode.swift; path = UIColorMarshalling.swift; sourceTree = "<group>"; };
		B5D111BA2CD81E6E00AEF71C /* DaysValueTransformer.swift */ = {isa = PBXFileReference; lastKnownFileType = sourcecode.swift; path = DaysValueTransformer.swift; sourceTree = "<group>"; };
		B5D111BC2CD81EF500AEF71C /* TrackerStore.swift */ = {isa = PBXFileReference; lastKnownFileType = sourcecode.swift; path = TrackerStore.swift; sourceTree = "<group>"; };
		B5D111BE2CD81F0200AEF71C /* TrackerCategoryStore.swift */ = {isa = PBXFileReference; lastKnownFileType = sourcecode.swift; path = TrackerCategoryStore.swift; sourceTree = "<group>"; };
		B5D111C02CD81F0E00AEF71C /* TrackerRecordStore.swift */ = {isa = PBXFileReference; lastKnownFileType = sourcecode.swift; path = TrackerRecordStore.swift; sourceTree = "<group>"; };
		BDB0227D04454619212065D1 /* Pods_TrackerTests.framework */ = {isa = PBXFileReference; explicitFileType = wrapper.framework; includeInIndex = 0; path = Pods_TrackerTests.framework; sourceTree = BUILT_PRODUCTS_DIR; };
/* End PBXFileReference section */

/* Begin PBXFrameworksBuildPhase section */
		B50ABA162CAD486800C251F0 /* Frameworks */ = {
			isa = PBXFrameworksBuildPhase;
			buildActionMask = 2147483647;
			files = (
				B1722266AF2A67AF6AF3D7DA /* Pods_Tracker.framework in Frameworks */,
			);
			runOnlyForDeploymentPostprocessing = 0;
		};
		B597F43D2CF26C8C00BF4D97 /* Frameworks */ = {
			isa = PBXFrameworksBuildPhase;
			buildActionMask = 2147483647;
			files = (
				B597F44B2CF26CDB00BF4D97 /* InlineSnapshotTesting in Frameworks */,
				B597F44D2CF26CDB00BF4D97 /* SnapshotTesting in Frameworks */,
				F3B2FEFFCCE8E620554AA377 /* Pods_TrackerTests.framework in Frameworks */,
			);
			runOnlyForDeploymentPostprocessing = 0;
		};
/* End PBXFrameworksBuildPhase section */

/* Begin PBXGroup section */
		B500C9E82CC0274500163087 /* Services */ = {
			isa = PBXGroup;
			children = (
				B58517D12CF3AA6400C29AD6 /* Flags.swift */,
				B58517CF2CF2920F00C29AD6 /* AnalyticsService.swift */,
				B56E653E2CE682AE00406DBE /* AlertPresenter.swift */,
				B5D111B22CD80F9600AEF71C /* DataProvider.swift */,
				B5D111B42CD81D9300AEF71C /* Stores */,
				B50A74D92CCFD6CB001A23F3 /* CoreData */,
			);
			path = Services;
			sourceTree = "<group>";
		};
		B501CC5B2CE55A2D00D41692 /* Onboarding */ = {
			isa = PBXGroup;
			children = (
				B501CC5C2CE55A3600D41692 /* OnboardingPageVC.swift */,
				B501CC5E2CE55AF800D41692 /* OnboardingVC.swift */,
			);
			path = Onboarding;
			sourceTree = "<group>";
		};
		B50A74D92CCFD6CB001A23F3 /* CoreData */ = {
			isa = PBXGroup;
			children = (
				B50A74DC2CCFD6FD001A23F3 /* Model.xcdatamodeld */,
			);
			path = CoreData;
			sourceTree = "<group>";
		};
		B50ABA102CAD486800C251F0 = {
			isa = PBXGroup;
			children = (
				B50ABA3A2CAD487000C251F0 /* Tracker */,
				B58517CC2CF290D200C29AD6 /* TrackerTests */,
				B50ABA1A2CAD486800C251F0 /* Products */,
				CDDF8F9C98F287F641FA31B0 /* Pods */,
				BF3FCAA1C09B5735D67513AD /* Frameworks */,
			);
			sourceTree = "<group>";
		};
		B50ABA1A2CAD486800C251F0 /* Products */ = {
			isa = PBXGroup;
			children = (
				B50ABA192CAD486800C251F0 /* Tracker.app */,
				B597F4402CF26C8C00BF4D97 /* TrackerTests.xctest */,
			);
			name = Products;
			sourceTree = "<group>";
		};
		B50ABA3A2CAD487000C251F0 /* Tracker */ = {
			isa = PBXGroup;
			children = (
				B501CC5B2CE55A2D00D41692 /* Onboarding */,
				B50ABA452CAD641500C251F0 /* TrakcersScreen */,
				B50ABA462CAD642400C251F0 /* StatisticsScreen */,
				B500C9E82CC0274500163087 /* Services */,
				B50ABA422CAD63A000C251F0 /* TabBar */,
				B5A9ECBF2CB66784002AE00D /* CreateNewTracker */,
				B514AE382CB419B400490BEA /* Models */,
				B587A06C2CB015EE00DD98FD /* Helpers */,
				B52ADAF42CED32EF00C6AC77 /* Resources */,
				B50ABA322CAD487000C251F0 /* Assets.xcassets */,
				B50ABA332CAD487000C251F0 /* Info.plist */,
				B50ABA352CAD487000C251F0 /* LaunchScreen.storyboard */,
				B50ABA312CAD487000C251F0 /* AppDelegate.swift */,
				B50ABA382CAD487000C251F0 /* SceneDelegate.swift */,
			);
			path = Tracker;
			sourceTree = "<group>";
		};
		B50ABA422CAD63A000C251F0 /* TabBar */ = {
			isa = PBXGroup;
			children = (
				B50ABA432CAD63B000C251F0 /* TabBarController.swift */,
			);
			path = TabBar;
			sourceTree = "<group>";
		};
		B50ABA452CAD641500C251F0 /* TrakcersScreen */ = {
			isa = PBXGroup;
			children = (
				B5AE80BC2CBB165F00C19A5C /* TrackerCollectionViewHeader.swift */,
				B514AE3F2CB5607B00490BEA /* TrackerCollectionViewCell.swift */,
				B50ABA472CAD644A00C251F0 /* TrackersViewController.swift */,
			);
			path = TrakcersScreen;
			sourceTree = "<group>";
		};
		B50ABA462CAD642400C251F0 /* StatisticsScreen */ = {
			isa = PBXGroup;
			children = (
				B50ABA492CAD646B00C251F0 /* StatisticsViewController.swift */,
			);
			path = StatisticsScreen;
			sourceTree = "<group>";
		};
		B514AE382CB419B400490BEA /* Models */ = {
			isa = PBXGroup;
			children = (
				B56E65402CE6834700406DBE /* AlertModel.swift */,
				B5AF9F272CBDC45600A263D8 /* Weekday.swift */,
				B514AE3D2CB41ABA00490BEA /* TrackerRecord.swift */,
				B514AE3B2CB41A8F00490BEA /* TrackerCategory.swift */,
				B514AE392CB419BA00490BEA /* Tracker.swift */,
			);
			path = Models;
			sourceTree = "<group>";
		};
		B52ADAF42CED32EF00C6AC77 /* Resources */ = {
			isa = PBXGroup;
			children = (
				B52ADB1A2CED375200C6AC77 /* Localizable.strings */,
				B52ADB1E2CED379500C6AC77 /* Localizable.stringsdict */,
				B5C7C8EF2CEE5F950023D51D /* InfoPlist.strings */,
			);
			path = Resources;
			sourceTree = "<group>";
		};
		B5642A9C2CB6C67D00B1942B /* NewTracker */ = {
			isa = PBXGroup;
			children = (
				B5642A9A2CB6C66800B1942B /* NewHabitOrEventViewController.swift */,
				B5A635452CC7A45A00BC64D9 /* ColorOrEmojiHeader.swift */,
				B5A635472CC7A48D00BC64D9 /* ColorCollectionViewCell.swift */,
				B5A635492CC7A4A000BC64D9 /* EmojiCollectionViewCell.swift */,
				B5D111C22CDA9A8000AEF71C /* Category */,
				B5AF9F242CBDC11C00A263D8 /* TimeTable */,
			);
			path = NewTracker;
			sourceTree = "<group>";
		};
		B58517C92CF290D200C29AD6 /* TrackerTests */ = {
			isa = PBXGroup;
			children = (
				B58517C82CF290D200C29AD6 /* testViewController.1.png */,
			);
			path = TrackerTests;
			sourceTree = "<group>";
		};
		B58517CA2CF290D200C29AD6 /* __Snapshots__ */ = {
			isa = PBXGroup;
			children = (
				B58517C92CF290D200C29AD6 /* TrackerTests */,
			);
			path = __Snapshots__;
			sourceTree = "<group>";
		};
		B58517CC2CF290D200C29AD6 /* TrackerTests */ = {
			isa = PBXGroup;
			children = (
				B58517CA2CF290D200C29AD6 /* __Snapshots__ */,
				B58517CB2CF290D200C29AD6 /* TrackerTests.swift */,
			);
			path = TrackerTests;
			sourceTree = "<group>";
		};
		B587A06C2CB015EE00DD98FD /* Helpers */ = {
			isa = PBXGroup;
			children = (
				B5D111BA2CD81E6E00AEF71C /* DaysValueTransformer.swift */,
				B5D111B72CD81DD300AEF71C /* UIColorMarshalling.swift */,
				B5AF9F202CBD586800A263D8 /* Placeholder.swift */,
				B5642A9E2CB6EAC200B1942B /* UITextField+Extensions.swift */,
				B514AE412CB566C600490BEA /* UIView+Extensions.swift */,
				B587A06D2CB015FB00DD98FD /* DateFormatter+Extensions.swift */,
				B53F2CF72CC483DD0039F466 /* Calendar+Extensions.swift */,
			);
			path = Helpers;
			sourceTree = "<group>";
		};
		B5A9ECBF2CB66784002AE00D /* CreateNewTracker */ = {
			isa = PBXGroup;
			children = (
				B5A9ECC02CB667AA002AE00D /* TrackerCreationViewController.swift */,
				B5642A9C2CB6C67D00B1942B /* NewTracker */,
			);
			path = CreateNewTracker;
			sourceTree = "<group>";
		};
		B5AF9F242CBDC11C00A263D8 /* TimeTable */ = {
			isa = PBXGroup;
			children = (
				B5AF9F222CBD5A5500A263D8 /* TimeTableViewController.swift */,
				B5AF9F252CBDC12F00A263D8 /* TimeTableCell.swift */,
			);
			path = TimeTable;
			sourceTree = "<group>";
		};
		B5D111B42CD81D9300AEF71C /* Stores */ = {
			isa = PBXGroup;
			children = (
				B5D111BC2CD81EF500AEF71C /* TrackerStore.swift */,
				B5D111BE2CD81F0200AEF71C /* TrackerCategoryStore.swift */,
				B5D111C02CD81F0E00AEF71C /* TrackerRecordStore.swift */,
			);
			path = Stores;
			sourceTree = "<group>";
		};
		B5D111C22CDA9A8000AEF71C /* Category */ = {
			isa = PBXGroup;
			children = (
				B56E653A2CE67C6300406DBE /* CategoryViewModel.swift */,
				B5AF9F1E2CBD580000A263D8 /* CategoryViewController.swift */,
			);
			path = Category;
			sourceTree = "<group>";
		};
		BF3FCAA1C09B5735D67513AD /* Frameworks */ = {
			isa = PBXGroup;
			children = (
				1190DC41CB00E0F9DAF4C7E9 /* Pods_Tracker.framework */,
				BDB0227D04454619212065D1 /* Pods_TrackerTests.framework */,
			);
			name = Frameworks;
			sourceTree = "<group>";
		};
		CDDF8F9C98F287F641FA31B0 /* Pods */ = {
			isa = PBXGroup;
			children = (
				4DEA1E0494FCB7847CD55EC8 /* Pods-Tracker.debug.xcconfig */,
				70AF61DB5B8952713759CF57 /* Pods-Tracker.release.xcconfig */,
				A234B40CA86EA04252E04577 /* Pods-TrackerTests.debug.xcconfig */,
				7BEE150A590DBD5EA97B5C93 /* Pods-TrackerTests.release.xcconfig */,
			);
			path = Pods;
			sourceTree = "<group>";
		};
/* End PBXGroup section */

/* Begin PBXNativeTarget section */
		B50ABA182CAD486800C251F0 /* Tracker */ = {
			isa = PBXNativeTarget;
			buildConfigurationList = B50ABA2C2CAD486900C251F0 /* Build configuration list for PBXNativeTarget "Tracker" */;
			buildPhases = (
				B069CA89A59EEB77F865D40F /* [CP] Check Pods Manifest.lock */,
				B50ABA152CAD486800C251F0 /* Sources */,
				B50ABA162CAD486800C251F0 /* Frameworks */,
				B50ABA172CAD486800C251F0 /* Resources */,
				07385CCEEC5E72577A77988C /* [CP] Embed Pods Frameworks */,
			);
			buildRules = (
			);
			dependencies = (
			);
			name = Tracker;
			productName = Tracker;
			productReference = B50ABA192CAD486800C251F0 /* Tracker.app */;
			productType = "com.apple.product-type.application";
		};
		B597F43F2CF26C8C00BF4D97 /* TrackerTests */ = {
			isa = PBXNativeTarget;
			buildConfigurationList = B597F4462CF26C8C00BF4D97 /* Build configuration list for PBXNativeTarget "TrackerTests" */;
			buildPhases = (
				D12410E989C5C4A33E212692 /* [CP] Check Pods Manifest.lock */,
				B597F43C2CF26C8C00BF4D97 /* Sources */,
				B597F43D2CF26C8C00BF4D97 /* Frameworks */,
				B597F43E2CF26C8C00BF4D97 /* Resources */,
			);
			buildRules = (
			);
			dependencies = (
				B597F4452CF26C8C00BF4D97 /* PBXTargetDependency */,
			);
			name = TrackerTests;
			packageProductDependencies = (
				B597F44A2CF26CDB00BF4D97 /* InlineSnapshotTesting */,
				B597F44C2CF26CDB00BF4D97 /* SnapshotTesting */,
			);
			productName = TrackerTests;
			productReference = B597F4402CF26C8C00BF4D97 /* TrackerTests.xctest */;
			productType = "com.apple.product-type.bundle.unit-test";
		};
/* End PBXNativeTarget section */

/* Begin PBXProject section */
		B50ABA112CAD486800C251F0 /* Project object */ = {
			isa = PBXProject;
			attributes = {
				BuildIndependentTargetsInParallel = 1;
				LastSwiftUpdateCheck = 1600;
				LastUpgradeCheck = 1600;
				TargetAttributes = {
					B50ABA182CAD486800C251F0 = {
						CreatedOnToolsVersion = 16.0;
					};
					B597F43F2CF26C8C00BF4D97 = {
						CreatedOnToolsVersion = 16.0;
						TestTargetID = B50ABA182CAD486800C251F0;
					};
				};
			};
			buildConfigurationList = B50ABA142CAD486800C251F0 /* Build configuration list for PBXProject "Tracker" */;
			developmentRegion = en;
			hasScannedForEncodings = 0;
			knownRegions = (
				en,
				Base,
				ru,
			);
			mainGroup = B50ABA102CAD486800C251F0;
			minimizedProjectReferenceProxies = 1;
			packageReferences = (
				B597F4492CF26CDB00BF4D97 /* XCRemoteSwiftPackageReference "swift-snapshot-testing" */,
			);
			preferredProjectObjectVersion = 77;
			productRefGroup = B50ABA1A2CAD486800C251F0 /* Products */;
			projectDirPath = "";
			projectRoot = "";
			targets = (
				B50ABA182CAD486800C251F0 /* Tracker */,
				B597F43F2CF26C8C00BF4D97 /* TrackerTests */,
			);
		};
/* End PBXProject section */

/* Begin PBXResourcesBuildPhase section */
		B50ABA172CAD486800C251F0 /* Resources */ = {
			isa = PBXResourcesBuildPhase;
			buildActionMask = 2147483647;
			files = (
				B50ABA3B2CAD487000C251F0 /* Assets.xcassets in Resources */,
				B52ADB202CED379500C6AC77 /* Localizable.stringsdict in Resources */,
				B52ADB1C2CED375200C6AC77 /* Localizable.strings in Resources */,
				B50ABA3D2CAD487000C251F0 /* LaunchScreen.storyboard in Resources */,
				B5C7C8F12CEE5F950023D51D /* InfoPlist.strings in Resources */,
			);
			runOnlyForDeploymentPostprocessing = 0;
		};
		B597F43E2CF26C8C00BF4D97 /* Resources */ = {
			isa = PBXResourcesBuildPhase;
			buildActionMask = 2147483647;
			files = (
				B58517CD2CF290D200C29AD6 /* testViewController.1.png in Resources */,
			);
			runOnlyForDeploymentPostprocessing = 0;
		};
/* End PBXResourcesBuildPhase section */

/* Begin PBXShellScriptBuildPhase section */
		07385CCEEC5E72577A77988C /* [CP] Embed Pods Frameworks */ = {
			isa = PBXShellScriptBuildPhase;
			buildActionMask = 2147483647;
			files = (
			);
			inputFileListPaths = (
				"${PODS_ROOT}/Target Support Files/Pods-Tracker/Pods-Tracker-frameworks-${CONFIGURATION}-input-files.xcfilelist",
			);
			name = "[CP] Embed Pods Frameworks";
			outputFileListPaths = (
				"${PODS_ROOT}/Target Support Files/Pods-Tracker/Pods-Tracker-frameworks-${CONFIGURATION}-output-files.xcfilelist",
			);
			runOnlyForDeploymentPostprocessing = 0;
			shellPath = /bin/sh;
			shellScript = "\"${PODS_ROOT}/Target Support Files/Pods-Tracker/Pods-Tracker-frameworks.sh\"\n";
			showEnvVarsInLog = 0;
		};
		B069CA89A59EEB77F865D40F /* [CP] Check Pods Manifest.lock */ = {
			isa = PBXShellScriptBuildPhase;
			buildActionMask = 2147483647;
			files = (
			);
			inputFileListPaths = (
			);
			inputPaths = (
				"${PODS_PODFILE_DIR_PATH}/Podfile.lock",
				"${PODS_ROOT}/Manifest.lock",
			);
			name = "[CP] Check Pods Manifest.lock";
			outputFileListPaths = (
			);
			outputPaths = (
				"$(DERIVED_FILE_DIR)/Pods-Tracker-checkManifestLockResult.txt",
			);
			runOnlyForDeploymentPostprocessing = 0;
			shellPath = /bin/sh;
			shellScript = "diff \"${PODS_PODFILE_DIR_PATH}/Podfile.lock\" \"${PODS_ROOT}/Manifest.lock\" > /dev/null\nif [ $? != 0 ] ; then\n    # print error to STDERR\n    echo \"error: The sandbox is not in sync with the Podfile.lock. Run 'pod install' or update your CocoaPods installation.\" >&2\n    exit 1\nfi\n# This output is used by Xcode 'outputs' to avoid re-running this script phase.\necho \"SUCCESS\" > \"${SCRIPT_OUTPUT_FILE_0}\"\n";
			showEnvVarsInLog = 0;
		};
		D12410E989C5C4A33E212692 /* [CP] Check Pods Manifest.lock */ = {
			isa = PBXShellScriptBuildPhase;
			buildActionMask = 2147483647;
			files = (
			);
			inputFileListPaths = (
			);
			inputPaths = (
				"${PODS_PODFILE_DIR_PATH}/Podfile.lock",
				"${PODS_ROOT}/Manifest.lock",
			);
			name = "[CP] Check Pods Manifest.lock";
			outputFileListPaths = (
			);
			outputPaths = (
				"$(DERIVED_FILE_DIR)/Pods-TrackerTests-checkManifestLockResult.txt",
			);
			runOnlyForDeploymentPostprocessing = 0;
			shellPath = /bin/sh;
			shellScript = "diff \"${PODS_PODFILE_DIR_PATH}/Podfile.lock\" \"${PODS_ROOT}/Manifest.lock\" > /dev/null\nif [ $? != 0 ] ; then\n    # print error to STDERR\n    echo \"error: The sandbox is not in sync with the Podfile.lock. Run 'pod install' or update your CocoaPods installation.\" >&2\n    exit 1\nfi\n# This output is used by Xcode 'outputs' to avoid re-running this script phase.\necho \"SUCCESS\" > \"${SCRIPT_OUTPUT_FILE_0}\"\n";
			showEnvVarsInLog = 0;
		};
/* End PBXShellScriptBuildPhase section */

/* Begin PBXSourcesBuildPhase section */
		B50ABA152CAD486800C251F0 /* Sources */ = {
			isa = PBXSourcesBuildPhase;
			buildActionMask = 2147483647;
			files = (
				B50ABA482CAD645300C251F0 /* TrackersViewController.swift in Sources */,
				B56E65412CE6834D00406DBE /* AlertModel.swift in Sources */,
				B5D111BB2CD81E7D00AEF71C /* DaysValueTransformer.swift in Sources */,
				B5AF9F262CBDC13500A263D8 /* TimeTableCell.swift in Sources */,
				B50ABA3F2CAD487000C251F0 /* AppDelegate.swift in Sources */,
				B5AF9F1F2CBD581100A263D8 /* CategoryViewController.swift in Sources */,
				B5A635482CC7A49800BC64D9 /* ColorCollectionViewCell.swift in Sources */,
				B514AE3C2CB41A9700490BEA /* TrackerCategory.swift in Sources */,
				B501CC5F2CE55B0300D41692 /* OnboardingVC.swift in Sources */,
				B5D111B82CD81DDB00AEF71C /* UIColorMarshalling.swift in Sources */,
				B50A74DE2CCFD6FD001A23F3 /* Model.xcdatamodeld in Sources */,
				B587A06E2CB0160A00DD98FD /* DateFormatter+Extensions.swift in Sources */,
				B5D111C12CD81F1300AEF71C /* TrackerRecordStore.swift in Sources */,
				B50ABA442CAD63B800C251F0 /* TabBarController.swift in Sources */,
				B5AF9F282CBDC45D00A263D8 /* Weekday.swift in Sources */,
				B514AE3E2CB41AC000490BEA /* TrackerRecord.swift in Sources */,
				B56E653B2CE67C6800406DBE /* CategoryViewModel.swift in Sources */,
				B5D111BD2CD81EFD00AEF71C /* TrackerStore.swift in Sources */,
				B50ABA4A2CAD647700C251F0 /* StatisticsViewController.swift in Sources */,
				B5A6354A2CC7A4A600BC64D9 /* EmojiCollectionViewCell.swift in Sources */,
				B501CC5D2CE55A3F00D41692 /* OnboardingPageVC.swift in Sources */,
				B58517D02CF2921600C29AD6 /* AnalyticsService.swift in Sources */,
				B5AE80BD2CBB166D00C19A5C /* TrackerCollectionViewHeader.swift in Sources */,
				B5642A9F2CB6EACF00B1942B /* UITextField+Extensions.swift in Sources */,
				B56E653F2CE682B100406DBE /* AlertPresenter.swift in Sources */,
				B50ABA402CAD487000C251F0 /* SceneDelegate.swift in Sources */,
				B53F2CF82CC483E60039F466 /* Calendar+Extensions.swift in Sources */,
				B514AE402CB5608700490BEA /* TrackerCollectionViewCell.swift in Sources */,
				B5642A9B2CB6C67800B1942B /* NewHabitOrEventViewController.swift in Sources */,
				B5A635462CC7A45E00BC64D9 /* ColorOrEmojiHeader.swift in Sources */,
				B5D111BF2CD81F0900AEF71C /* TrackerCategoryStore.swift in Sources */,
				B514AE3A2CB419C100490BEA /* Tracker.swift in Sources */,
				B5AF9F212CBD587400A263D8 /* Placeholder.swift in Sources */,
				B5A9ECC12CB667B3002AE00D /* TrackerCreationViewController.swift in Sources */,
				B5D111B32CD80F9E00AEF71C /* DataProvider.swift in Sources */,
				B58517D22CF3AA6700C29AD6 /* Flags.swift in Sources */,
				B5AF9F232CBD5A6500A263D8 /* TimeTableViewController.swift in Sources */,
				B514AE422CB566CF00490BEA /* UIView+Extensions.swift in Sources */,
			);
			runOnlyForDeploymentPostprocessing = 0;
		};
		B597F43C2CF26C8C00BF4D97 /* Sources */ = {
			isa = PBXSourcesBuildPhase;
			buildActionMask = 2147483647;
			files = (
				B58517CE2CF290D200C29AD6 /* TrackerTests.swift in Sources */,
			);
			runOnlyForDeploymentPostprocessing = 0;
		};
/* End PBXSourcesBuildPhase section */

/* Begin PBXTargetDependency section */
		B597F4452CF26C8C00BF4D97 /* PBXTargetDependency */ = {
			isa = PBXTargetDependency;
			target = B50ABA182CAD486800C251F0 /* Tracker */;
			targetProxy = B597F4442CF26C8C00BF4D97 /* PBXContainerItemProxy */;
		};
/* End PBXTargetDependency section */

/* Begin PBXVariantGroup section */
		B50ABA352CAD487000C251F0 /* LaunchScreen.storyboard */ = {
			isa = PBXVariantGroup;
			children = (
				B50ABA342CAD487000C251F0 /* Base */,
			);
			name = LaunchScreen.storyboard;
			sourceTree = "<group>";
		};
		B52ADB1A2CED375200C6AC77 /* Localizable.strings */ = {
			isa = PBXVariantGroup;
			children = (
				B52ADB1B2CED375200C6AC77 /* en */,
				B52ADB1D2CED375E00C6AC77 /* ru */,
			);
			name = Localizable.strings;
			sourceTree = "<group>";
		};
		B52ADB1E2CED379500C6AC77 /* Localizable.stringsdict */ = {
			isa = PBXVariantGroup;
			children = (
				B52ADB1F2CED379500C6AC77 /* en */,
				B52ADB212CED37A600C6AC77 /* ru */,
			);
			name = Localizable.stringsdict;
			sourceTree = "<group>";
		};
		B5C7C8EF2CEE5F950023D51D /* InfoPlist.strings */ = {
			isa = PBXVariantGroup;
			children = (
				B5C7C8F02CEE5F950023D51D /* en */,
				B5C7C8F22CEE5FB00023D51D /* ru */,
			);
			name = InfoPlist.strings;
			sourceTree = "<group>";
		};
/* End PBXVariantGroup section */

/* Begin XCBuildConfiguration section */
		B50ABA2D2CAD486900C251F0 /* Debug */ = {
			isa = XCBuildConfiguration;
			baseConfigurationReference = 4DEA1E0494FCB7847CD55EC8 /* Pods-Tracker.debug.xcconfig */;
			buildSettings = {
				ASSETCATALOG_COMPILER_APPICON_NAME = AppIcon;
				ASSETCATALOG_COMPILER_GLOBAL_ACCENT_COLOR_NAME = AccentColor;
				CODE_SIGN_STYLE = Automatic;
				CURRENT_PROJECT_VERSION = 1;
				DEVELOPMENT_TEAM = MP4RYSJJ7N;
				ENABLE_USER_SCRIPT_SANDBOXING = NO;
				GENERATE_INFOPLIST_FILE = YES;
				INFOPLIST_FILE = Tracker/Info.plist;
				INFOPLIST_KEY_UIApplicationSupportsIndirectInputEvents = YES;
				INFOPLIST_KEY_UILaunchStoryboardName = LaunchScreen;
				INFOPLIST_KEY_UISupportedInterfaceOrientations = UIInterfaceOrientationPortrait;
				INFOPLIST_KEY_UISupportedInterfaceOrientations_iPad = "UIInterfaceOrientationLandscapeLeft UIInterfaceOrientationLandscapeRight UIInterfaceOrientationPortrait UIInterfaceOrientationPortraitUpsideDown";
				IPHONEOS_DEPLOYMENT_TARGET = 13.4;
				LD_RUNPATH_SEARCH_PATHS = (
					"$(inherited)",
					"@executable_path/Frameworks",
				);
				MARKETING_VERSION = 1.0;
				PRODUCT_BUNDLE_IDENTIFIER = com.fuu.www.Tracker;
				PRODUCT_NAME = "$(TARGET_NAME)";
				SUPPORTED_PLATFORMS = "iphoneos iphonesimulator";
				SUPPORTS_MACCATALYST = NO;
				SUPPORTS_MAC_DESIGNED_FOR_IPHONE_IPAD = NO;
				SUPPORTS_XR_DESIGNED_FOR_IPHONE_IPAD = NO;
				SWIFT_EMIT_LOC_STRINGS = YES;
				SWIFT_VERSION = 5.0;
				TARGETED_DEVICE_FAMILY = 1;
			};
			name = Debug;
		};
		B50ABA2E2CAD486900C251F0 /* Release */ = {
			isa = XCBuildConfiguration;
			baseConfigurationReference = 70AF61DB5B8952713759CF57 /* Pods-Tracker.release.xcconfig */;
			buildSettings = {
				ASSETCATALOG_COMPILER_APPICON_NAME = AppIcon;
				ASSETCATALOG_COMPILER_GLOBAL_ACCENT_COLOR_NAME = AccentColor;
				CODE_SIGN_STYLE = Automatic;
				CURRENT_PROJECT_VERSION = 1;
				DEVELOPMENT_TEAM = MP4RYSJJ7N;
				ENABLE_USER_SCRIPT_SANDBOXING = NO;
				GENERATE_INFOPLIST_FILE = YES;
				INFOPLIST_FILE = Tracker/Info.plist;
				INFOPLIST_KEY_UIApplicationSupportsIndirectInputEvents = YES;
				INFOPLIST_KEY_UILaunchStoryboardName = LaunchScreen;
				INFOPLIST_KEY_UISupportedInterfaceOrientations = UIInterfaceOrientationPortrait;
				INFOPLIST_KEY_UISupportedInterfaceOrientations_iPad = "UIInterfaceOrientationLandscapeLeft UIInterfaceOrientationLandscapeRight UIInterfaceOrientationPortrait UIInterfaceOrientationPortraitUpsideDown";
				IPHONEOS_DEPLOYMENT_TARGET = 13.4;
				LD_RUNPATH_SEARCH_PATHS = (
					"$(inherited)",
					"@executable_path/Frameworks",
				);
				MARKETING_VERSION = 1.0;
				PRODUCT_BUNDLE_IDENTIFIER = com.fuu.www.Tracker;
				PRODUCT_NAME = "$(TARGET_NAME)";
				SUPPORTED_PLATFORMS = "iphoneos iphonesimulator";
				SUPPORTS_MACCATALYST = NO;
				SUPPORTS_MAC_DESIGNED_FOR_IPHONE_IPAD = NO;
				SUPPORTS_XR_DESIGNED_FOR_IPHONE_IPAD = NO;
				SWIFT_EMIT_LOC_STRINGS = YES;
				SWIFT_VERSION = 5.0;
				TARGETED_DEVICE_FAMILY = 1;
			};
			name = Release;
		};
		B50ABA2F2CAD486900C251F0 /* Debug */ = {
			isa = XCBuildConfiguration;
			buildSettings = {
				ALWAYS_SEARCH_USER_PATHS = NO;
				ASSETCATALOG_COMPILER_GENERATE_SWIFT_ASSET_SYMBOL_EXTENSIONS = YES;
				CLANG_ANALYZER_LOCALIZABILITY_NONLOCALIZED = YES;
				CLANG_ANALYZER_NONNULL = YES;
				CLANG_ANALYZER_NUMBER_OBJECT_CONVERSION = YES_AGGRESSIVE;
				CLANG_CXX_LANGUAGE_STANDARD = "gnu++20";
				CLANG_ENABLE_MODULES = YES;
				CLANG_ENABLE_OBJC_ARC = YES;
				CLANG_ENABLE_OBJC_WEAK = YES;
				CLANG_WARN_BLOCK_CAPTURE_AUTORELEASING = YES;
				CLANG_WARN_BOOL_CONVERSION = YES;
				CLANG_WARN_COMMA = YES;
				CLANG_WARN_CONSTANT_CONVERSION = YES;
				CLANG_WARN_DEPRECATED_OBJC_IMPLEMENTATIONS = YES;
				CLANG_WARN_DIRECT_OBJC_ISA_USAGE = YES_ERROR;
				CLANG_WARN_DOCUMENTATION_COMMENTS = YES;
				CLANG_WARN_EMPTY_BODY = YES;
				CLANG_WARN_ENUM_CONVERSION = YES;
				CLANG_WARN_INFINITE_RECURSION = YES;
				CLANG_WARN_INT_CONVERSION = YES;
				CLANG_WARN_NON_LITERAL_NULL_CONVERSION = YES;
				CLANG_WARN_OBJC_IMPLICIT_RETAIN_SELF = YES;
				CLANG_WARN_OBJC_LITERAL_CONVERSION = YES;
				CLANG_WARN_OBJC_ROOT_CLASS = YES_ERROR;
				CLANG_WARN_QUOTED_INCLUDE_IN_FRAMEWORK_HEADER = YES;
				CLANG_WARN_RANGE_LOOP_ANALYSIS = YES;
				CLANG_WARN_STRICT_PROTOTYPES = YES;
				CLANG_WARN_SUSPICIOUS_MOVE = YES;
				CLANG_WARN_UNGUARDED_AVAILABILITY = YES_AGGRESSIVE;
				CLANG_WARN_UNREACHABLE_CODE = YES;
				CLANG_WARN__DUPLICATE_METHOD_MATCH = YES;
				COPY_PHASE_STRIP = NO;
				DEBUG_INFORMATION_FORMAT = dwarf;
				ENABLE_STRICT_OBJC_MSGSEND = YES;
				ENABLE_TESTABILITY = YES;
				ENABLE_USER_SCRIPT_SANDBOXING = YES;
				GCC_C_LANGUAGE_STANDARD = gnu17;
				GCC_DYNAMIC_NO_PIC = NO;
				GCC_NO_COMMON_BLOCKS = YES;
				GCC_OPTIMIZATION_LEVEL = 0;
				GCC_PREPROCESSOR_DEFINITIONS = (
					"DEBUG=1",
					"$(inherited)",
				);
				GCC_WARN_64_TO_32_BIT_CONVERSION = YES;
				GCC_WARN_ABOUT_RETURN_TYPE = YES_ERROR;
				GCC_WARN_UNDECLARED_SELECTOR = YES;
				GCC_WARN_UNINITIALIZED_AUTOS = YES_AGGRESSIVE;
				GCC_WARN_UNUSED_FUNCTION = YES;
				GCC_WARN_UNUSED_VARIABLE = YES;
				IPHONEOS_DEPLOYMENT_TARGET = 18.0;
				LOCALIZATION_PREFERS_STRING_CATALOGS = YES;
				MTL_ENABLE_DEBUG_INFO = INCLUDE_SOURCE;
				MTL_FAST_MATH = YES;
				ONLY_ACTIVE_ARCH = YES;
				SDKROOT = iphoneos;
				SWIFT_ACTIVE_COMPILATION_CONDITIONS = "DEBUG $(inherited)";
				SWIFT_OPTIMIZATION_LEVEL = "-Onone";
			};
			name = Debug;
		};
		B50ABA302CAD486900C251F0 /* Release */ = {
			isa = XCBuildConfiguration;
			buildSettings = {
				ALWAYS_SEARCH_USER_PATHS = NO;
				ASSETCATALOG_COMPILER_GENERATE_SWIFT_ASSET_SYMBOL_EXTENSIONS = YES;
				CLANG_ANALYZER_LOCALIZABILITY_NONLOCALIZED = YES;
				CLANG_ANALYZER_NONNULL = YES;
				CLANG_ANALYZER_NUMBER_OBJECT_CONVERSION = YES_AGGRESSIVE;
				CLANG_CXX_LANGUAGE_STANDARD = "gnu++20";
				CLANG_ENABLE_MODULES = YES;
				CLANG_ENABLE_OBJC_ARC = YES;
				CLANG_ENABLE_OBJC_WEAK = YES;
				CLANG_WARN_BLOCK_CAPTURE_AUTORELEASING = YES;
				CLANG_WARN_BOOL_CONVERSION = YES;
				CLANG_WARN_COMMA = YES;
				CLANG_WARN_CONSTANT_CONVERSION = YES;
				CLANG_WARN_DEPRECATED_OBJC_IMPLEMENTATIONS = YES;
				CLANG_WARN_DIRECT_OBJC_ISA_USAGE = YES_ERROR;
				CLANG_WARN_DOCUMENTATION_COMMENTS = YES;
				CLANG_WARN_EMPTY_BODY = YES;
				CLANG_WARN_ENUM_CONVERSION = YES;
				CLANG_WARN_INFINITE_RECURSION = YES;
				CLANG_WARN_INT_CONVERSION = YES;
				CLANG_WARN_NON_LITERAL_NULL_CONVERSION = YES;
				CLANG_WARN_OBJC_IMPLICIT_RETAIN_SELF = YES;
				CLANG_WARN_OBJC_LITERAL_CONVERSION = YES;
				CLANG_WARN_OBJC_ROOT_CLASS = YES_ERROR;
				CLANG_WARN_QUOTED_INCLUDE_IN_FRAMEWORK_HEADER = YES;
				CLANG_WARN_RANGE_LOOP_ANALYSIS = YES;
				CLANG_WARN_STRICT_PROTOTYPES = YES;
				CLANG_WARN_SUSPICIOUS_MOVE = YES;
				CLANG_WARN_UNGUARDED_AVAILABILITY = YES_AGGRESSIVE;
				CLANG_WARN_UNREACHABLE_CODE = YES;
				CLANG_WARN__DUPLICATE_METHOD_MATCH = YES;
				COPY_PHASE_STRIP = NO;
				DEBUG_INFORMATION_FORMAT = "dwarf-with-dsym";
				ENABLE_NS_ASSERTIONS = NO;
				ENABLE_STRICT_OBJC_MSGSEND = YES;
				ENABLE_USER_SCRIPT_SANDBOXING = YES;
				GCC_C_LANGUAGE_STANDARD = gnu17;
				GCC_NO_COMMON_BLOCKS = YES;
				GCC_WARN_64_TO_32_BIT_CONVERSION = YES;
				GCC_WARN_ABOUT_RETURN_TYPE = YES_ERROR;
				GCC_WARN_UNDECLARED_SELECTOR = YES;
				GCC_WARN_UNINITIALIZED_AUTOS = YES_AGGRESSIVE;
				GCC_WARN_UNUSED_FUNCTION = YES;
				GCC_WARN_UNUSED_VARIABLE = YES;
				IPHONEOS_DEPLOYMENT_TARGET = 18.0;
				LOCALIZATION_PREFERS_STRING_CATALOGS = YES;
				MTL_ENABLE_DEBUG_INFO = NO;
				MTL_FAST_MATH = YES;
				SDKROOT = iphoneos;
				SWIFT_COMPILATION_MODE = wholemodule;
				VALIDATE_PRODUCT = YES;
			};
			name = Release;
		};
		B597F4472CF26C8C00BF4D97 /* Debug */ = {
			isa = XCBuildConfiguration;
			baseConfigurationReference = A234B40CA86EA04252E04577 /* Pods-TrackerTests.debug.xcconfig */;
			buildSettings = {
				BUNDLE_LOADER = "$(TEST_HOST)";
				CODE_SIGN_STYLE = Automatic;
				CURRENT_PROJECT_VERSION = 1;
				DEVELOPMENT_TEAM = MP4RYSJJ7N;
				GENERATE_INFOPLIST_FILE = YES;
				MARKETING_VERSION = 1.0;
				PRODUCT_BUNDLE_IDENTIFIER = com.fuu.www.TrackerTests;
				PRODUCT_NAME = "$(TARGET_NAME)";
				SWIFT_EMIT_LOC_STRINGS = NO;
				SWIFT_VERSION = 5.0;
				TARGETED_DEVICE_FAMILY = "1,2";
				TEST_HOST = "$(BUILT_PRODUCTS_DIR)/Tracker.app/$(BUNDLE_EXECUTABLE_FOLDER_PATH)/Tracker";
			};
			name = Debug;
		};
		B597F4482CF26C8C00BF4D97 /* Release */ = {
			isa = XCBuildConfiguration;
			baseConfigurationReference = 7BEE150A590DBD5EA97B5C93 /* Pods-TrackerTests.release.xcconfig */;
			buildSettings = {
				BUNDLE_LOADER = "$(TEST_HOST)";
				CODE_SIGN_STYLE = Automatic;
				CURRENT_PROJECT_VERSION = 1;
				DEVELOPMENT_TEAM = MP4RYSJJ7N;
				GENERATE_INFOPLIST_FILE = YES;
				MARKETING_VERSION = 1.0;
				PRODUCT_BUNDLE_IDENTIFIER = com.fuu.www.TrackerTests;
				PRODUCT_NAME = "$(TARGET_NAME)";
				SWIFT_EMIT_LOC_STRINGS = NO;
				SWIFT_VERSION = 5.0;
				TARGETED_DEVICE_FAMILY = "1,2";
				TEST_HOST = "$(BUILT_PRODUCTS_DIR)/Tracker.app/$(BUNDLE_EXECUTABLE_FOLDER_PATH)/Tracker";
			};
			name = Release;
		};
/* End XCBuildConfiguration section */

/* Begin XCConfigurationList section */
		B50ABA142CAD486800C251F0 /* Build configuration list for PBXProject "Tracker" */ = {
			isa = XCConfigurationList;
			buildConfigurations = (
				B50ABA2F2CAD486900C251F0 /* Debug */,
				B50ABA302CAD486900C251F0 /* Release */,
			);
			defaultConfigurationIsVisible = 0;
			defaultConfigurationName = Release;
		};
		B50ABA2C2CAD486900C251F0 /* Build configuration list for PBXNativeTarget "Tracker" */ = {
			isa = XCConfigurationList;
			buildConfigurations = (
				B50ABA2D2CAD486900C251F0 /* Debug */,
				B50ABA2E2CAD486900C251F0 /* Release */,
			);
			defaultConfigurationIsVisible = 0;
			defaultConfigurationName = Release;
		};
		B597F4462CF26C8C00BF4D97 /* Build configuration list for PBXNativeTarget "TrackerTests" */ = {
			isa = XCConfigurationList;
			buildConfigurations = (
				B597F4472CF26C8C00BF4D97 /* Debug */,
				B597F4482CF26C8C00BF4D97 /* Release */,
			);
			defaultConfigurationIsVisible = 0;
			defaultConfigurationName = Release;
		};
/* End XCConfigurationList section */

/* Begin XCRemoteSwiftPackageReference section */
		B597F4492CF26CDB00BF4D97 /* XCRemoteSwiftPackageReference "swift-snapshot-testing" */ = {
			isa = XCRemoteSwiftPackageReference;
			repositoryURL = "https://github.com/pointfreeco/swift-snapshot-testing";
			requirement = {
				kind = upToNextMajorVersion;
				minimumVersion = 1.17.6;
			};
		};
/* End XCRemoteSwiftPackageReference section */

/* Begin XCSwiftPackageProductDependency section */
		B597F44A2CF26CDB00BF4D97 /* InlineSnapshotTesting */ = {
			isa = XCSwiftPackageProductDependency;
			package = B597F4492CF26CDB00BF4D97 /* XCRemoteSwiftPackageReference "swift-snapshot-testing" */;
			productName = InlineSnapshotTesting;
		};
		B597F44C2CF26CDB00BF4D97 /* SnapshotTesting */ = {
			isa = XCSwiftPackageProductDependency;
			package = B597F4492CF26CDB00BF4D97 /* XCRemoteSwiftPackageReference "swift-snapshot-testing" */;
			productName = SnapshotTesting;
		};
/* End XCSwiftPackageProductDependency section */

/* Begin XCVersionGroup section */
		B50A74DC2CCFD6FD001A23F3 /* Model.xcdatamodeld */ = {
			isa = XCVersionGroup;
			children = (
				B50A74DD2CCFD6FD001A23F3 /* Model.xcdatamodel */,
			);
			currentVersion = B50A74DD2CCFD6FD001A23F3 /* Model.xcdatamodel */;
			path = Model.xcdatamodeld;
			sourceTree = "<group>";
			versionGroupType = wrapper.xcdatamodel;
		};
/* End XCVersionGroup section */
	};
	rootObject = B50ABA112CAD486800C251F0 /* Project object */;
}
